# This file is automatically @generated by Cargo.
# It is not intended for manual editing.
version = 4

[[package]]
name = "ao-next-cli"
version = "0.1.0"
dependencies = [
 "ao-next-core",
]

[[package]]
name = "ao-next-core"
version = "0.1.0"

[[package]]
name = "ao-next-eval"
version = "0.1.0"
dependencies = [
 "ao-next-core",
]
